# THIS IS AN AUTOGENERATED FILE. DO NOT EDIT THIS FILE DIRECTLY.
# yarn lockfile v1


"@now/node@^1.0.0":
  version "1.8.5"
  resolved "https://registry.yarnpkg.com/@now/node/-/node-1.8.5.tgz#471196dbe8221c9f20692e13cf0f4272c6cf3def"
  dependencies:
    "@types/node" "*"
    ts-node "8.9.1"
    typescript "3.9.3"

"@types/node@*":
  version "17.0.22"
  resolved "https://registry.yarnpkg.com/@types/node/-/node-17.0.22.tgz#38b6c4b9b2f3ed9f2e376cce42a298fb2375251e"

"@types/node@8.10":
  version "8.10.48"
  resolved "https://registry.yarnpkg.com/@types/node/-/node-8.10.48.tgz#e385073561643a9ba6199a1985ffc03530f90781"

arg@^4.1.0:
  version "4.1.3"
  resolved "https://registry.yarnpkg.com/arg/-/arg-4.1.3.tgz#269fc7ad5b8e42cb63c896d5666017261c144089"

buffer-from@^1.0.0:
  version "1.1.2"
  resolved "https://registry.yarnpkg.com/buffer-from/-/buffer-from-1.1.2.tgz#2b146a6fd72e80b4f55d255f35ed59a3a9a41bd5"

camelcase@^5.0.0:
  version "5.3.1"
  resolved "https://registry.yarnpkg.com/camelcase/-/camelcase-5.3.1.tgz#e3c9b31569e106811df242f715725a1f4c494320"

convict@^4.4.1:
  version "4.4.1"
  resolved "https://registry.yarnpkg.com/convict/-/convict-4.4.1.tgz#87f93c2a4f51bfc961e2873864442d0349a1b0d0"
  dependencies:
    depd "1.1.2"
    json5 "1.0.1"
    lodash.clonedeep "4.5.0"
    moment "2.22.2"
    validator "10.8.0"
    yargs-parser "11.0.0"

decamelize@^1.2.0:
  version "1.2.0"
  resolved "https://registry.yarnpkg.com/decamelize/-/decamelize-1.2.0.tgz#f6534d15148269b20352e7bee26f501f9a191290"

depd@1.1.2:
  version "1.1.2"
  resolved "https://registry.yarnpkg.com/depd/-/depd-1.1.2.tgz#9bcd52e14c097763e749b274c4346ed2e560b5a9"

diff@^4.0.1:
  version "4.0.2"
  resolved "https://registry.yarnpkg.com/diff/-/diff-4.0.2.tgz#60f3aecb89d5fae520c11aa19efc2bb982aade7d"

json5@1.0.1:
  version "1.0.1"
  resolved "https://registry.yarnpkg.com/json5/-/json5-1.0.1.tgz#779fb0018604fa854eacbf6252180d83543e3dbe"
  dependencies:
    minimist "^1.2.0"

lodash.clonedeep@4.5.0:
  version "4.5.0"
  resolved "https://registry.yarnpkg.com/lodash.clonedeep/-/lodash.clonedeep-4.5.0.tgz#e23f3f9c4f8fbdde872529c1071857a086e5ccef"

make-error@^1.1.1:
  version "1.3.6"
  resolved "https://registry.yarnpkg.com/make-error/-/make-error-1.3.6.tgz#2eb2e37ea9b67c4891f684a1394799af484cf7a2"

minimist@^1.2.0:
  version "1.2.6"
  resolved "https://registry.yarnpkg.com/minimist/-/minimist-1.2.6.tgz#8637a5b759ea0d6e98702cfb3a9283323c93af44"

moment@2.22.2:
  version "2.22.2"
  resolved "https://registry.yarnpkg.com/moment/-/moment-2.22.2.tgz#3c257f9839fc0e93ff53149632239eb90783ff66"

source-map-support@^0.5.17:
  version "0.5.21"
  resolved "https://registry.yarnpkg.com/source-map-support/-/source-map-support-0.5.21.tgz#04fe7c7f9e1ed2d662233c28cb2b35b9f63f6e4f"
  dependencies:
    buffer-from "^1.0.0"
    source-map "^0.6.0"

source-map@^0.6.0:
  version "0.6.1"
  resolved "https://registry.yarnpkg.com/source-map/-/source-map-0.6.1.tgz#74722af32e9614e9c287a8d0bbde48b5e2f1a263"

ts-node@8.9.1:
  version "8.9.1"
  resolved "https://registry.yarnpkg.com/ts-node/-/ts-node-8.9.1.tgz#2f857f46c47e91dcd28a14e052482eb14cfd65a5"
  dependencies:
    arg "^4.1.0"
    diff "^4.0.1"
    make-error "^1.1.1"
    source-map-support "^0.5.17"
    yn "3.1.1"

typescript@3.2.2:
  version "3.2.2"
  resolved "https://registry.yarnpkg.com/typescript/-/typescript-3.2.2.tgz#fe8101c46aa123f8353523ebdcf5730c2ae493e5"

typescript@3.9.3:
  version "3.9.3"
  resolved "https://registry.yarnpkg.com/typescript/-/typescript-3.9.3.tgz#d3ac8883a97c26139e42df5e93eeece33d610b8a"

validator@10.8.0:
  version "10.8.0"
  resolved "https://registry.yarnpkg.com/validator/-/validator-10.8.0.tgz#8acb15a5c39411cbc8ef2be0c98c2514da4410a7"

yargs-parser@11.0.0:
  version "11.0.0"
  resolved "https://registry.yarnpkg.com/yargs-parser/-/yargs-parser-11.0.0.tgz#d9fd0f0cd551a2a2ef9bbf42606ffb6211634232"
  dependencies:
    camelcase "^5.0.0"
    decamelize "^1.2.0"

yn@3.1.1:
  version "3.1.1"
  resolved "https://registry.yarnpkg.com/yn/-/yn-3.1.1.tgz#1e87401a09d767c1d5eab26a6e4c185182d2eb50"
